
Microsoft Visual Studio Solution File, Format Version 12.00
# Visual Studio Version 16
VisualStudioVersion = 16.0.30717.126
MinimumVisualStudioVersion = 10.0.40219.1
Project("{FAE04EC0-301F-11D3-BF4B-00C04F79EFBC}") = "VeriTabanıUygulama", "VeriTabanıUygulama\VeriTabanıUygulama.csproj", "{BB92254C-D9A5-48DE-A359-61256BBC8940}"
EndProject
Global
	GlobalSection(SolutionConfigurationPlatforms) = preSolution
		Debug|Any CPU = Debug|Any CPU
		Release|Any CPU = Release|Any CPU
	EndGlobalSection
	GlobalSection(ProjectConfigurationPlatforms) = postSolution
		{BB92254C-D9A5-48DE-A359-61256BBC8940}.Debug|Any CPU.ActiveCfg = Debug|Any CPU
		{BB92254C-D9A5-48DE-A359-61256BBC8940}.Debug|Any CPU.Build.0 = Debug|Any CPU
		{BB92254C-D9A5-48DE-A359-61256BBC8940}.Release|Any CPU.ActiveCfg = Release|Any CPU
		{BB92254C-D9A5-48DE-A359-61256BBC8940}.Release|Any CPU.Build.0 = Release|Any CPU
	EndGlobalSection
	GlobalSection(SolutionProperties) = preSolution
		HideSolutionNode = FALSE
	EndGlobalSection
	GlobalSection(ExtensibilityGlobals) = postSolution
		SolutionGuid = {17AF0406-F2C2-49E4-A9FB-8140C02627C7}
	EndGlobalSection
EndGlobal
